// !$*UTF8*$!
{
	archiveVersion = 1;
	classes = {
	};
	objectVersion = 56;
	objects = {

/* Begin PBXBuildFile section */
		512B05E42913652B00C416DD /* AppDelegate.swift in Sources */ = {isa = PBXBuildFile; fileRef = 512B05E32913652B00C416DD /* AppDelegate.swift */; };
		512B05E82913652B00C416DD /* Document.swift in Sources */ = {isa = PBXBuildFile; fileRef = 512B05E72913652B00C416DD /* Document.swift */; };
		512B05EA2913652C00C416DD /* Assets.xcassets in Resources */ = {isa = PBXBuildFile; fileRef = 512B05E92913652C00C416DD /* Assets.xcassets */; };
		512B05ED2913652C00C416DD /* Main.storyboard in Resources */ = {isa = PBXBuildFile; fileRef = 512B05EB2913652C00C416DD /* Main.storyboard */; };
		512B05F62913654400C416DD /* DocumentWindowController.swift in Sources */ = {isa = PBXBuildFile; fileRef = 512B05F52913654400C416DD /* DocumentWindowController.swift */; };
		512B05F82913655100C416DD /* DocumentWindow.swift in Sources */ = {isa = PBXBuildFile; fileRef = 512B05F72913655100C416DD /* DocumentWindow.swift */; };
		512B05FA2913667200C416DD /* DocumentController.swift in Sources */ = {isa = PBXBuildFile; fileRef = 512B05F92913667200C416DD /* DocumentController.swift */; };
		5183561C29F5898B00C15A6B /* WindowCascading.swift in Sources */ = {isa = PBXBuildFile; fileRef = 5183561B29F5898B00C15A6B /* WindowCascading.swift */; };
/* End PBXBuildFile section */

/* Begin PBXFileReference section */
		512B05E02913652B00C416DD /* WindowCascadingDemo.app */ = {isa = PBXFileReference; explicitFileType = wrapper.application; includeInIndex = 0; path = WindowCascadingDemo.app; sourceTree = BUILT_PRODUCTS_DIR; };
		512B05E32913652B00C416DD /* AppDelegate.swift */ = {isa = PBXFileReference; lastKnownFileType = sourcecode.swift; path = AppDelegate.swift; sourceTree = "<group>"; };
		512B05E72913652B00C416DD /* Document.swift */ = {isa = PBXFileReference; lastKnownFileType = sourcecode.swift; path = Document.swift; sourceTree = "<group>"; };
		512B05E92913652C00C416DD /* Assets.xcassets */ = {isa = PBXFileReference; lastKnownFileType = folder.assetcatalog; path = Assets.xcassets; sourceTree = "<group>"; };
		512B05EC2913652C00C416DD /* Base */ = {isa = PBXFileReference; lastKnownFileType = file.storyboard; name = Base; path = Base.lproj/Main.storyboard; sourceTree = "<group>"; };
		512B05EE2913652C00C416DD /* Info.plist */ = {isa = PBXFileReference; lastKnownFileType = text.plist.xml; path = Info.plist; sourceTree = "<group>"; };
		512B05F52913654400C416DD /* DocumentWindowController.swift */ = {isa = PBXFileReference; lastKnownFileType = sourcecode.swift; path = DocumentWindowController.swift; sourceTree = "<group>"; };
		512B05F72913655100C416DD /* DocumentWindow.swift */ = {isa = PBXFileReference; lastKnownFileType = sourcecode.swift; path = DocumentWindow.swift; sourceTree = "<group>"; };
		512B05F92913667200C416DD /* DocumentController.swift */ = {isa = PBXFileReference; lastKnownFileType = sourcecode.swift; path = DocumentController.swift; sourceTree = "<group>"; };
		5183561B29F5898B00C15A6B /* WindowCascading.swift */ = {isa = PBXFileReference; fileEncoding = 4; lastKnownFileType = sourcecode.swift; name = WindowCascading.swift; path = Sources/WindowCascading/WindowCascading.swift; sourceTree = "<group>"; };
/* End PBXFileReference section */

/* Begin PBXFrameworksBuildPhase section */
		512B05DD2913652B00C416DD /* Frameworks */ = {
			isa = PBXFrameworksBuildPhase;
			buildActionMask = 2147483647;
			files = (
			);
			runOnlyForDeploymentPostprocessing = 0;
		};
/* End PBXFrameworksBuildPhase section */

/* Begin PBXGroup section */
		512B05D72913652B00C416DD = {
			isa = PBXGroup;
			children = (
				5183561A29F5898200C15A6B /* WindowCascading */,
				512B05E22913652B00C416DD /* Demo */,
				512B05E12913652B00C416DD /* Products */,
			);
			sourceTree = "<group>";
		};
		512B05E12913652B00C416DD /* Products */ = {
			isa = PBXGroup;
			children = (
				512B05E02913652B00C416DD /* WindowCascadingDemo.app */,
			);
			name = Products;
			sourceTree = "<group>";
		};
		512B05E22913652B00C416DD /* Demo */ = {
			isa = PBXGroup;
			children = (
				512B05E32913652B00C416DD /* AppDelegate.swift */,
				512B05F92913667200C416DD /* DocumentController.swift */,
				512B05E72913652B00C416DD /* Document.swift */,
				512B05F52913654400C416DD /* DocumentWindowController.swift */,
				512B05F72913655100C416DD /* DocumentWindow.swift */,
				512B05E92913652C00C416DD /* Assets.xcassets */,
				512B05EB2913652C00C416DD /* Main.storyboard */,
				512B05EE2913652C00C416DD /* Info.plist */,
			);
			path = Demo;
			sourceTree = "<group>";
		};
		5183561A29F5898200C15A6B /* WindowCascading */ = {
			isa = PBXGroup;
			children = (
				5183561B29F5898B00C15A6B /* WindowCascading.swift */,
			);
			name = WindowCascading;
			sourceTree = "<group>";
		};
/* End PBXGroup section */

/* Begin PBXNativeTarget section */
		512B05DF2913652B00C416DD /* WindowCascadingDemo */ = {
			isa = PBXNativeTarget;
			buildConfigurationList = 512B05F22913652C00C416DD /* Build configuration list for PBXNativeTarget "WindowCascadingDemo" */;
			buildPhases = (
				512B05DC2913652B00C416DD /* Sources */,
				512B05DD2913652B00C416DD /* Frameworks */,
				512B05DE2913652B00C416DD /* Resources */,
			);
			buildRules = (
			);
			dependencies = (
			);
			name = WindowCascadingDemo;
			productName = CascadingWindow;
			productReference = 512B05E02913652B00C416DD /* WindowCascadingDemo.app */;
			productType = "com.apple.product-type.application";
		};
/* End PBXNativeTarget section */

/* Begin PBXProject section */
		512B05D82913652B00C416DD /* Project object */ = {
			isa = PBXProject;
			attributes = {
				BuildIndependentTargetsInParallel = 1;
				LastSwiftUpdateCheck = 1400;
				LastUpgradeCheck = 1400;
				TargetAttributes = {
					512B05DF2913652B00C416DD = {
						CreatedOnToolsVersion = 14.0.1;
					};
				};
			};
			buildConfigurationList = 512B05DB2913652B00C416DD /* Build configuration list for PBXProject "WindowCascadingDemo" */;
			compatibilityVersion = "Xcode 14.0";
			developmentRegion = en;
			hasScannedForEncodings = 0;
			knownRegions = (
				en,
				Base,
			);
			mainGroup = 512B05D72913652B00C416DD;
			productRefGroup = 512B05E12913652B00C416DD /* Products */;
			projectDirPath = "";
			projectRoot = "";
			targets = (
				512B05DF2913652B00C416DD /* WindowCascadingDemo */,
			);
		};
/* End PBXProject section */

/* Begin PBXResourcesBuildPhase section */
		512B05DE2913652B00C416DD /* Resources */ = {
			isa = PBXResourcesBuildPhase;
			buildActionMask = 2147483647;
			files = (
				512B05EA2913652C00C416DD /* Assets.xcassets in Resources */,
				512B05ED2913652C00C416DD /* Main.storyboard in Resources */,
			);
			runOnlyForDeploymentPostprocessing = 0;
		};
/* End PBXResourcesBuildPhase section */

/* Begin PBXSourcesBuildPhase section */
		512B05DC2913652B00C416DD /* Sources */ = {
			isa = PBXSourcesBuildPhase;
			buildActionMask = 2147483647;
			files = (
				512B05F82913655100C416DD /* DocumentWindow.swift in Sources */,
				512B05FA2913667200C416DD /* DocumentController.swift in Sources */,
				512B05F62913654400C416DD /* DocumentWindowController.swift in Sources */,
				512B05E42913652B00C416DD /* AppDelegate.swift in Sources */,
				512B05E82913652B00C416DD /* Document.swift in Sources */,
				5183561C29F5898B00C15A6B /* WindowCascading.swift in Sources */,
			);
			runOnlyForDeploymentPostprocessing = 0;
		};
/* End PBXSourcesBuildPhase section */

/* Begin PBXVariantGroup section */
		512B05EB2913652C00C416DD /* Main.storyboard */ = {
			isa = PBXVariantGroup;
			children = (
				512B05EC2913652C00C416DD /* Base */,
			);
			name = Main.storyboard;
			sourceTree = "<group>";
		};
/* End PBXVariantGroup section */

/* Begin XCBuildConfiguration section */
		512B05F02913652C00C416DD /* Debug */ = {
			isa = XCBuildConfiguration;
			buildSettings = {
				ALWAYS_SEARCH_USER_PATHS = NO;
				CLANG_ANALYZER_NONNULL = YES;
				CLANG_ANALYZER_NUMBER_OBJECT_CONVERSION = YES_AGGRESSIVE;
				CLANG_CXX_LANGUAGE_STANDARD = "gnu++20";
				CLANG_ENABLE_MODULES = YES;
				CLANG_ENABLE_OBJC_ARC = YES;
				CLANG_ENABLE_OBJC_WEAK = YES;
				CLANG_WARN_BLOCK_CAPTURE_AUTORELEASING = YES;
				CLANG_WARN_BOOL_CONVERSION = YES;
				CLANG_WARN_COMMA = YES;
				CLANG_WARN_CONSTANT_CONVERSION = YES;
				CLANG_WARN_DEPRECATED_OBJC_IMPLEMENTATIONS = YES;
				CLANG_WARN_DIRECT_OBJC_ISA_USAGE = YES_ERROR;
				CLANG_WARN_DOCUMENTATION_COMMENTS = YES;
				CLANG_WARN_EMPTY_BODY = YES;
				CLANG_WARN_ENUM_CONVERSION = YES;
				CLANG_WARN_INFINITE_RECURSION = YES;
				CLANG_WARN_INT_CONVERSION = YES;
				CLANG_WARN_NON_LITERAL_NULL_CONVERSION = YES;
				CLANG_WARN_OBJC_IMPLICIT_RETAIN_SELF = YES;
				CLANG_WARN_OBJC_LITERAL_CONVERSION = YES;
				CLANG_WARN_OBJC_ROOT_CLASS = YES_ERROR;
				CLANG_WARN_QUOTED_INCLUDE_IN_FRAMEWORK_HEADER = YES;
				CLANG_WARN_RANGE_LOOP_ANALYSIS = YES;
				CLANG_WARN_STRICT_PROTOTYPES = YES;
				CLANG_WARN_SUSPICIOUS_MOVE = YES;
				CLANG_WARN_UNGUARDED_AVAILABILITY = YES_AGGRESSIVE;
				CLANG_WARN_UNREACHABLE_CODE = YES;
				CLANG_WARN__DUPLICATE_METHOD_MATCH = YES;
				COPY_PHASE_STRIP = NO;
				DEBUG_INFORMATION_FORMAT = dwarf;
				ENABLE_STRICT_OBJC_MSGSEND = YES;
				ENABLE_TESTABILITY = YES;
				GCC_C_LANGUAGE_STANDARD = gnu11;
				GCC_DYNAMIC_NO_PIC = NO;
				GCC_NO_COMMON_BLOCKS = YES;
				GCC_OPTIMIZATION_LEVEL = 0;
				GCC_PREPROCESSOR_DEFINITIONS = (
					"DEBUG=1",
					"$(inherited)",
				);
				GCC_WARN_64_TO_32_BIT_CONVERSION = YES;
				GCC_WARN_ABOUT_RETURN_TYPE = YES_ERROR;
				GCC_WARN_UNDECLARED_SELECTOR = YES;
				GCC_WARN_UNINITIALIZED_AUTOS = YES_AGGRESSIVE;
				GCC_WARN_UNUSED_FUNCTION = YES;
				GCC_WARN_UNUSED_VARIABLE = YES;
				MACOSX_DEPLOYMENT_TARGET = 12.3;
				MTL_ENABLE_DEBUG_INFO = INCLUDE_SOURCE;
				MTL_FAST_MATH = YES;
				ONLY_ACTIVE_ARCH = YES;
				SDKROOT = macosx;
				SWIFT_ACTIVE_COMPILATION_CONDITIONS = DEBUG;
				SWIFT_OPTIMIZATION_LEVEL = "-Onone";
			};
			name = Debug;
		};
		512B05F12913652C00C416DD /* Release */ = {
			isa = XCBuildConfiguration;
			buildSettings = {
				ALWAYS_SEARCH_USER_PATHS = NO;
				CLANG_ANALYZER_NONNULL = YES;
				CLANG_ANALYZER_NUMBER_OBJECT_CONVERSION = YES_AGGRESSIVE;
				CLANG_CXX_LANGUAGE_STANDARD = "gnu++20";
				CLANG_ENABLE_MODULES = YES;
				CLANG_ENABLE_OBJC_ARC = YES;
				CLANG_ENABLE_OBJC_WEAK = YES;
				CLANG_WARN_BLOCK_CAPTURE_AUTORELEASING = YES;
				CLANG_WARN_BOOL_CONVERSION = YES;
				CLANG_WARN_COMMA = YES;
				CLANG_WARN_CONSTANT_CONVERSION = YES;
				CLANG_WARN_DEPRECATED_OBJC_IMPLEMENTATIONS = YES;
				CLANG_WARN_DIRECT_OBJC_ISA_USAGE = YES_ERROR;
				CLANG_WARN_DOCUMENTATION_COMMENTS = YES;
				CLANG_WARN_EMPTY_BODY = YES;
				CLANG_WARN_ENUM_CONVERSION = YES;
				CLANG_WARN_INFINITE_RECURSION = YES;
				CLANG_WARN_INT_CONVERSION = YES;
				CLANG_WARN_NON_LITERAL_NULL_CONVERSION = YES;
				CLANG_WARN_OBJC_IMPLICIT_RETAIN_SELF = YES;
				CLANG_WARN_OBJC_LITERAL_CONVERSION = YES;
				CLANG_WARN_OBJC_ROOT_CLASS = YES_ERROR;
				CLANG_WARN_QUOTED_INCLUDE_IN_FRAMEWORK_HEADER = YES;
				CLANG_WARN_RANGE_LOOP_ANALYSIS = YES;
				CLANG_WARN_STRICT_PROTOTYPES = YES;
				CLANG_WARN_SUSPICIOUS_MOVE = YES;
				CLANG_WARN_UNGUARDED_AVAILABILITY = YES_AGGRESSIVE;
				CLANG_WARN_UNREACHABLE_CODE = YES;
				CLANG_WARN__DUPLICATE_METHOD_MATCH = YES;
				COPY_PHASE_STRIP = NO;
				DEBUG_INFORMATION_FORMAT = "dwarf-with-dsym";
				ENABLE_NS_ASSERTIONS = NO;
				ENABLE_STRICT_OBJC_MSGSEND = YES;
				GCC_C_LANGUAGE_STANDARD = gnu11;
				GCC_NO_COMMON_BLOCKS = YES;
				GCC_WARN_64_TO_32_BIT_CONVERSION = YES;
				GCC_WARN_ABOUT_RETURN_TYPE = YES_ERROR;
				GCC_WARN_UNDECLARED_SELECTOR = YES;
				GCC_WARN_UNINITIALIZED_AUTOS = YES_AGGRESSIVE;
				GCC_WARN_UNUSED_FUNCTION = YES;
				GCC_WARN_UNUSED_VARIABLE = YES;
				MACOSX_DEPLOYMENT_TARGET = 12.3;
				MTL_ENABLE_DEBUG_INFO = NO;
				MTL_FAST_MATH = YES;
				SDKROOT = macosx;
				SWIFT_COMPILATION_MODE = wholemodule;
				SWIFT_OPTIMIZATION_LEVEL = "-O";
			};
			name = Release;
		};
		512B05F32913652C00C416DD /* Debug */ = {
			isa = XCBuildConfiguration;
			buildSettings = {
				ASSETCATALOG_COMPILER_APPICON_NAME = AppIcon;
				ASSETCATALOG_COMPILER_GLOBAL_ACCENT_COLOR_NAME = AccentColor;
				CODE_SIGN_ENTITLEMENTS = "";
				"CODE_SIGN_IDENTITY[sdk=macosx*]" = "-";
				CODE_SIGN_INJECT_BASE_ENTITLEMENTS = NO;
				CODE_SIGN_STYLE = Automatic;
				COMBINE_HIDPI_IMAGES = YES;
				CURRENT_PROJECT_VERSION = 1;
				DEVELOPMENT_TEAM = R6RZ6S2FLK;
				ENABLE_HARDENED_RUNTIME = NO;
				GENERATE_INFOPLIST_FILE = YES;
				INFOPLIST_FILE = Demo/Info.plist;
				INFOPLIST_KEY_NSHumanReadableCopyright = "";
				INFOPLIST_KEY_NSMainStoryboardFile = Main;
				INFOPLIST_KEY_NSPrincipalClass = NSApplication;
				LD_RUNPATH_SEARCH_PATHS = (
					"$(inherited)",
					"@executable_path/../Frameworks",
				);
				MARKETING_VERSION = 1.0;
				PRODUCT_BUNDLE_IDENTIFIER = jp.usagimaru.WindowCascadingDemo;
				PRODUCT_NAME = "$(TARGET_NAME)";
				SWIFT_EMIT_LOC_STRINGS = YES;
				SWIFT_VERSION = 5.0;
			};
			name = Debug;
		};
		512B05F42913652C00C416DD /* Release */ = {
			isa = XCBuildConfiguration;
			buildSettings = {
				ASSETCATALOG_COMPILER_APPICON_NAME = AppIcon;
				ASSETCATALOG_COMPILER_GLOBAL_ACCENT_COLOR_NAME = AccentColor;
				CODE_SIGN_ENTITLEMENTS = "";
				"CODE_SIGN_IDENTITY[sdk=macosx*]" = "-";
				CODE_SIGN_INJECT_BASE_ENTITLEMENTS = NO;
				CODE_SIGN_STYLE = Automatic;
				COMBINE_HIDPI_IMAGES = YES;
				CURRENT_PROJECT_VERSION = 1;
				DEVELOPMENT_TEAM = R6RZ6S2FLK;
				ENABLE_HARDENED_RUNTIME = NO;
				GENERATE_INFOPLIST_FILE = YES;
				INFOPLIST_FILE = Demo/Info.plist;
				INFOPLIST_KEY_NSHumanReadableCopyright = "";
				INFOPLIST_KEY_NSMainStoryboardFile = Main;
				INFOPLIST_KEY_NSPrincipalClass = NSApplication;
				LD_RUNPATH_SEARCH_PATHS = (
					"$(inherited)",
					"@executable_path/../Frameworks",
				);
				MARKETING_VERSION = 1.0;
				PRODUCT_BUNDLE_IDENTIFIER = jp.usagimaru.WindowCascadingDemo;
				PRODUCT_NAME = "$(TARGET_NAME)";
				SWIFT_EMIT_LOC_STRINGS = YES;
				SWIFT_VERSION = 5.0;
			};
			name = Release;
		};
/* End XCBuildConfiguration section */

/* Begin XCConfigurationList section */
		512B05DB2913652B00C416DD /* Build configuration list for PBXProject "WindowCascadingDemo" */ = {
			isa = XCConfigurationList;
			buildConfigurations = (
				512B05F02913652C00C416DD /* Debug */,
				512B05F12913652C00C416DD /* Release */,
			);
			defaultConfigurationIsVisible = 0;
			defaultConfigurationName = Release;
		};
		512B05F22913652C00C416DD /* Build configuration list for PBXNativeTarget "WindowCascadingDemo" */ = {
			isa = XCConfigurationList;
			buildConfigurations = (
				512B05F32913652C00C416DD /* Debug */,
				512B05F42913652C00C416DD /* Release */,
			);
			defaultConfigurationIsVisible = 0;
			defaultConfigurationName = Release;
		};
/* End XCConfigurationList section */
	};
	rootObject = 512B05D82913652B00C416DD /* Project object */;
}
